
Microsoft Visual Studio Solution File, Format Version 12.00
# Visual Studio 14
VisualStudioVersion = 14.0.24720.0
MinimumVisualStudioVersion = 10.0.40219.1
Project("{2150E333-8FDC-42A3-9474-1A3956D46DE8}") = "SampleApp", "SampleApp", "{52ABF5AA-88A5-4957-A9D7-85EE4C6645E1}"
EndProject
Project("{FAE04EC0-301F-11D3-BF4B-00C04F79EFBC}") = "CalculatorApp", "SampleApp\CalculatorApp\CalculatorApp.csproj", "{F791494B-0D14-4190-8DEA-2AB915A13C59}"
EndProject
Project("{2150E333-8FDC-42A3-9474-1A3956D46DE8}") = "Common", "Common", "{16D26221-4D1A-486B-B324-645D492CBC9F}"
EndProject
Project("{FAE04EC0-301F-11D3-BF4B-00C04F79EFBC}") = "Saturn72.App.Common", "Common\Saturn72.App.Common\Saturn72.App.Common.csproj", "{ADB0A133-EAD7-46EC-9472-B6247296BD26}"
EndProject
Project("{2150E333-8FDC-42A3-9474-1A3956D46DE8}") = "Modules", "Modules", "{DE025945-F1B1-4750-9C5C-8CFB43872D3A}"
EndProject
Project("{FAE04EC0-301F-11D3-BF4B-00C04F79EFBC}") = "Saturn72.Modules.EntityFramework", "Modules\Saturn72.Modules.EntityFramework\Saturn72.Modules.EntityFramework.csproj", "{F531ACCF-A3D6-4DF7-A47C-5D93C9015A4E}"
EndProject
Project("{2150E333-8FDC-42A3-9474-1A3956D46DE8}") = "_git_submodules", "_git_submodules", "{CFC65CF1-3F4F-469A-B831-383419C90428}"
EndProject
Project("{FAE04EC0-301F-11D3-BF4B-00C04F79EFBC}") = "Saturn72.Extensions", "..\submodules\Saturn72.Extensions\Saturn72.Extensions\Saturn72.Extensions.csproj", "{773F4467-A469-4196-A9B3-76A6C889C3ED}"
EndProject
Project("{FAE04EC0-301F-11D3-BF4B-00C04F79EFBC}") = "Saturn72.Extensions.Tests", "..\submodules\Saturn72.Extensions\Saturn72.Extensions.Tests\Saturn72.Extensions.Tests.csproj", "{F4801755-EDA6-4F99-91A2-B77842931708}"
EndProject
Project("{FAE04EC0-301F-11D3-BF4B-00C04F79EFBC}") = "Saturn72.Extensions.AspNet", "..\submodules\Saturn72.Extensions\Saturn72.Extensions.AspNet\Saturn72.Extensions.AspNet.csproj", "{C0DDC567-BD56-4DD1-9503-747945420734}"
EndProject
Project("{FAE04EC0-301F-11D3-BF4B-00C04F79EFBC}") = "Saturn72.Extensions.AspNet.Tests", "..\submodules\Saturn72.Extensions\Saturn72.Extensions.AspNet.Tests\Saturn72.Extensions.AspNet.Tests.csproj", "{FCF083C2-6542-4BBB-98CF-51CD9F84ED91}"
EndProject
Project("{FAE04EC0-301F-11D3-BF4B-00C04F79EFBC}") = "Saturn72.Extensions.Data", "..\submodules\Saturn72.Extensions\Saturn72.Extensions.Data\Saturn72.Extensions.Data.csproj", "{D2A1B50B-9F66-4574-81B3-C486FCEB9D03}"
EndProject
Project("{FAE04EC0-301F-11D3-BF4B-00C04F79EFBC}") = "Saturn72.Extensions.UnitTesting", "..\submodules\Saturn72.Extensions\Saturn72.Extensions.UnitTesting\Saturn72.Extensions.UnitTesting.csproj", "{5E9A7FFB-C52D-4FC7-B0F3-EA20102730F4}"
EndProject
Project("{FAE04EC0-301F-11D3-BF4B-00C04F79EFBC}") = "Saturn72.Modules.Owin", "Modules\Saturn72.Modules.Owin\Saturn72.Modules.Owin.csproj", "{606AC4BF-5D5C-486E-80D1-D6762357673B}"
EndProject
Project("{FAE04EC0-301F-11D3-BF4B-00C04F79EFBC}") = "Saturn72.App", "Saturn72.App\Saturn72.App.csproj", "{9E59F6E8-D051-4B97-830D-CF58FA19AB35}"
EndProject
Project("{2150E333-8FDC-42A3-9474-1A3956D46DE8}") = "Titan", "Titan", "{9CBB2082-2307-40B5-B18B-F05823DD9939}"
EndProject
Project("{2150E333-8FDC-42A3-9474-1A3956D46DE8}") = "Core", "Core", "{5D67F68F-9A71-4443-A171-56F2FD059078}"
EndProject
Project("{FAE04EC0-301F-11D3-BF4B-00C04F79EFBC}") = "Saturn72.Core", "Core\Saturn72.Core\Saturn72.Core.csproj", "{C44EB924-2BA3-46ED-90BD-3D6FD25EAFD4}"
EndProject
Project("{FAE04EC0-301F-11D3-BF4B-00C04F79EFBC}") = "Saturn72.Core.Services", "Core\Saturn72.Core.Services\Saturn72.Core.Services.csproj", "{6F2D2418-65F5-4C10-B871-47B435026D54}"
EndProject
Project("{FAE04EC0-301F-11D3-BF4B-00C04F79EFBC}") = "Saturn72.Core.Services.Tests", "Core\Saturn72.Core.Services.Tests\Saturn72.Core.Services.Tests.csproj", "{1822462C-F142-4A12-8DEF-A25ADD3FFA63}"
EndProject
Project("{FAE04EC0-301F-11D3-BF4B-00C04F79EFBC}") = "Saturn72.Core.Tests", "Core\Saturn72.Core.Tests\Saturn72.Core.Tests.csproj", "{14ACAE65-A4F4-487A-99CD-81A02C2809AE}"
EndProject
Project("{FAE04EC0-301F-11D3-BF4B-00C04F79EFBC}") = "Saturn72.Core.Web", "Core\Saturn72.Core.Web\Saturn72.Core.Web.csproj", "{217B8F69-CA31-4DBA-B719-912439C08EA4}"
EndProject
Global
	GlobalSection(SolutionConfigurationPlatforms) = preSolution
		Debug|Any CPU = Debug|Any CPU
		Debug|x64 = Debug|x64
		Release|Any CPU = Release|Any CPU
		Release|x64 = Release|x64
		Saturn72.Web.Dev|Any CPU = Saturn72.Web.Dev|Any CPU
		Saturn72.Web.Dev|x64 = Saturn72.Web.Dev|x64
	EndGlobalSection
	GlobalSection(ProjectConfigurationPlatforms) = postSolution
		{F791494B-0D14-4190-8DEA-2AB915A13C59}.Debug|Any CPU.ActiveCfg = Debug|Any CPU
		{F791494B-0D14-4190-8DEA-2AB915A13C59}.Debug|Any CPU.Build.0 = Debug|Any CPU
		{F791494B-0D14-4190-8DEA-2AB915A13C59}.Debug|x64.ActiveCfg = Debug|Any CPU
		{F791494B-0D14-4190-8DEA-2AB915A13C59}.Debug|x64.Build.0 = Debug|Any CPU
		{F791494B-0D14-4190-8DEA-2AB915A13C59}.Release|Any CPU.ActiveCfg = Release|Any CPU
		{F791494B-0D14-4190-8DEA-2AB915A13C59}.Release|Any CPU.Build.0 = Release|Any CPU
		{F791494B-0D14-4190-8DEA-2AB915A13C59}.Release|x64.ActiveCfg = Release|Any CPU
		{F791494B-0D14-4190-8DEA-2AB915A13C59}.Release|x64.Build.0 = Release|Any CPU
		{F791494B-0D14-4190-8DEA-2AB915A13C59}.Saturn72.Web.Dev|Any CPU.ActiveCfg = Release|Any CPU
		{F791494B-0D14-4190-8DEA-2AB915A13C59}.Saturn72.Web.Dev|Any CPU.Build.0 = Release|Any CPU
		{F791494B-0D14-4190-8DEA-2AB915A13C59}.Saturn72.Web.Dev|x64.ActiveCfg = Release|Any CPU
		{F791494B-0D14-4190-8DEA-2AB915A13C59}.Saturn72.Web.Dev|x64.Build.0 = Release|Any CPU
		{ADB0A133-EAD7-46EC-9472-B6247296BD26}.Debug|Any CPU.ActiveCfg = Debug|Any CPU
		{ADB0A133-EAD7-46EC-9472-B6247296BD26}.Debug|Any CPU.Build.0 = Debug|Any CPU
		{ADB0A133-EAD7-46EC-9472-B6247296BD26}.Debug|x64.ActiveCfg = Debug|Any CPU
		{ADB0A133-EAD7-46EC-9472-B6247296BD26}.Debug|x64.Build.0 = Debug|Any CPU
		{ADB0A133-EAD7-46EC-9472-B6247296BD26}.Release|Any CPU.ActiveCfg = Release|Any CPU
		{ADB0A133-EAD7-46EC-9472-B6247296BD26}.Release|Any CPU.Build.0 = Release|Any CPU
		{ADB0A133-EAD7-46EC-9472-B6247296BD26}.Release|x64.ActiveCfg = Release|Any CPU
		{ADB0A133-EAD7-46EC-9472-B6247296BD26}.Release|x64.Build.0 = Release|Any CPU
		{ADB0A133-EAD7-46EC-9472-B6247296BD26}.Saturn72.Web.Dev|Any CPU.ActiveCfg = Release|Any CPU
		{ADB0A133-EAD7-46EC-9472-B6247296BD26}.Saturn72.Web.Dev|Any CPU.Build.0 = Release|Any CPU
		{ADB0A133-EAD7-46EC-9472-B6247296BD26}.Saturn72.Web.Dev|x64.ActiveCfg = Release|Any CPU
		{ADB0A133-EAD7-46EC-9472-B6247296BD26}.Saturn72.Web.Dev|x64.Build.0 = Release|Any CPU
		{F531ACCF-A3D6-4DF7-A47C-5D93C9015A4E}.Debug|Any CPU.ActiveCfg = Debug|Any CPU
		{F531ACCF-A3D6-4DF7-A47C-5D93C9015A4E}.Debug|Any CPU.Build.0 = Debug|Any CPU
		{F531ACCF-A3D6-4DF7-A47C-5D93C9015A4E}.Debug|x64.ActiveCfg = Debug|x64
		{F531ACCF-A3D6-4DF7-A47C-5D93C9015A4E}.Debug|x64.Build.0 = Debug|x64
		{F531ACCF-A3D6-4DF7-A47C-5D93C9015A4E}.Release|Any CPU.ActiveCfg = Release|Any CPU
		{F531ACCF-A3D6-4DF7-A47C-5D93C9015A4E}.Release|Any CPU.Build.0 = Release|Any CPU
		{F531ACCF-A3D6-4DF7-A47C-5D93C9015A4E}.Release|x64.ActiveCfg = Release|x64
		{F531ACCF-A3D6-4DF7-A47C-5D93C9015A4E}.Release|x64.Build.0 = Release|x64
		{F531ACCF-A3D6-4DF7-A47C-5D93C9015A4E}.Saturn72.Web.Dev|Any CPU.ActiveCfg = Saturn72.Web.Dev|Any CPU
		{F531ACCF-A3D6-4DF7-A47C-5D93C9015A4E}.Saturn72.Web.Dev|Any CPU.Build.0 = Saturn72.Web.Dev|Any CPU
		{F531ACCF-A3D6-4DF7-A47C-5D93C9015A4E}.Saturn72.Web.Dev|x64.ActiveCfg = Saturn72.Web.Dev|x64
		{F531ACCF-A3D6-4DF7-A47C-5D93C9015A4E}.Saturn72.Web.Dev|x64.Build.0 = Saturn72.Web.Dev|x64
		{773F4467-A469-4196-A9B3-76A6C889C3ED}.Debug|Any CPU.ActiveCfg = Debug|Any CPU
		{773F4467-A469-4196-A9B3-76A6C889C3ED}.Debug|Any CPU.Build.0 = Debug|Any CPU
		{773F4467-A469-4196-A9B3-76A6C889C3ED}.Debug|x64.ActiveCfg = Debug|x64
		{773F4467-A469-4196-A9B3-76A6C889C3ED}.Debug|x64.Build.0 = Debug|x64
		{773F4467-A469-4196-A9B3-76A6C889C3ED}.Release|Any CPU.ActiveCfg = Release|Any CPU
		{773F4467-A469-4196-A9B3-76A6C889C3ED}.Release|Any CPU.Build.0 = Release|Any CPU
		{773F4467-A469-4196-A9B3-76A6C889C3ED}.Release|x64.ActiveCfg = Release|x64
		{773F4467-A469-4196-A9B3-76A6C889C3ED}.Release|x64.Build.0 = Release|x64
		{773F4467-A469-4196-A9B3-76A6C889C3ED}.Saturn72.Web.Dev|Any CPU.ActiveCfg = Saturn72.Web.Dev|Any CPU
		{773F4467-A469-4196-A9B3-76A6C889C3ED}.Saturn72.Web.Dev|Any CPU.Build.0 = Saturn72.Web.Dev|Any CPU
		{773F4467-A469-4196-A9B3-76A6C889C3ED}.Saturn72.Web.Dev|x64.ActiveCfg = Saturn72.Web.Dev|x64
		{773F4467-A469-4196-A9B3-76A6C889C3ED}.Saturn72.Web.Dev|x64.Build.0 = Saturn72.Web.Dev|x64
		{F4801755-EDA6-4F99-91A2-B77842931708}.Debug|Any CPU.ActiveCfg = Debug|Any CPU
		{F4801755-EDA6-4F99-91A2-B77842931708}.Debug|Any CPU.Build.0 = Debug|Any CPU
		{F4801755-EDA6-4F99-91A2-B77842931708}.Debug|x64.ActiveCfg = Debug|Any CPU
		{F4801755-EDA6-4F99-91A2-B77842931708}.Debug|x64.Build.0 = Debug|Any CPU
		{F4801755-EDA6-4F99-91A2-B77842931708}.Release|Any CPU.ActiveCfg = Release|Any CPU
		{F4801755-EDA6-4F99-91A2-B77842931708}.Release|Any CPU.Build.0 = Release|Any CPU
		{F4801755-EDA6-4F99-91A2-B77842931708}.Release|x64.ActiveCfg = Release|Any CPU
		{F4801755-EDA6-4F99-91A2-B77842931708}.Release|x64.Build.0 = Release|Any CPU
		{F4801755-EDA6-4F99-91A2-B77842931708}.Saturn72.Web.Dev|Any CPU.ActiveCfg = Release|Any CPU
		{F4801755-EDA6-4F99-91A2-B77842931708}.Saturn72.Web.Dev|Any CPU.Build.0 = Release|Any CPU
		{F4801755-EDA6-4F99-91A2-B77842931708}.Saturn72.Web.Dev|x64.ActiveCfg = Release|Any CPU
		{F4801755-EDA6-4F99-91A2-B77842931708}.Saturn72.Web.Dev|x64.Build.0 = Release|Any CPU
		{C0DDC567-BD56-4DD1-9503-747945420734}.Debug|Any CPU.ActiveCfg = Debug|Any CPU
		{C0DDC567-BD56-4DD1-9503-747945420734}.Debug|Any CPU.Build.0 = Debug|Any CPU
		{C0DDC567-BD56-4DD1-9503-747945420734}.Debug|x64.ActiveCfg = Debug|Any CPU
		{C0DDC567-BD56-4DD1-9503-747945420734}.Debug|x64.Build.0 = Debug|Any CPU
		{C0DDC567-BD56-4DD1-9503-747945420734}.Release|Any CPU.ActiveCfg = Release|Any CPU
		{C0DDC567-BD56-4DD1-9503-747945420734}.Release|Any CPU.Build.0 = Release|Any CPU
		{C0DDC567-BD56-4DD1-9503-747945420734}.Release|x64.ActiveCfg = Release|Any CPU
		{C0DDC567-BD56-4DD1-9503-747945420734}.Release|x64.Build.0 = Release|Any CPU
		{C0DDC567-BD56-4DD1-9503-747945420734}.Saturn72.Web.Dev|Any CPU.ActiveCfg = Saturn72.Web.Dev|Any CPU
		{C0DDC567-BD56-4DD1-9503-747945420734}.Saturn72.Web.Dev|Any CPU.Build.0 = Saturn72.Web.Dev|Any CPU
		{C0DDC567-BD56-4DD1-9503-747945420734}.Saturn72.Web.Dev|x64.ActiveCfg = Saturn72.Web.Dev|Any CPU
		{C0DDC567-BD56-4DD1-9503-747945420734}.Saturn72.Web.Dev|x64.Build.0 = Saturn72.Web.Dev|Any CPU
		{FCF083C2-6542-4BBB-98CF-51CD9F84ED91}.Debug|Any CPU.ActiveCfg = Debug|Any CPU
		{FCF083C2-6542-4BBB-98CF-51CD9F84ED91}.Debug|Any CPU.Build.0 = Debug|Any CPU
		{FCF083C2-6542-4BBB-98CF-51CD9F84ED91}.Debug|x64.ActiveCfg = Debug|Any CPU
		{FCF083C2-6542-4BBB-98CF-51CD9F84ED91}.Debug|x64.Build.0 = Debug|Any CPU
		{FCF083C2-6542-4BBB-98CF-51CD9F84ED91}.Release|Any CPU.ActiveCfg = Release|Any CPU
		{FCF083C2-6542-4BBB-98CF-51CD9F84ED91}.Release|Any CPU.Build.0 = Release|Any CPU
		{FCF083C2-6542-4BBB-98CF-51CD9F84ED91}.Release|x64.ActiveCfg = Release|Any CPU
		{FCF083C2-6542-4BBB-98CF-51CD9F84ED91}.Release|x64.Build.0 = Release|Any CPU
		{FCF083C2-6542-4BBB-98CF-51CD9F84ED91}.Saturn72.Web.Dev|Any CPU.ActiveCfg = Release|Any CPU
		{FCF083C2-6542-4BBB-98CF-51CD9F84ED91}.Saturn72.Web.Dev|Any CPU.Build.0 = Release|Any CPU
		{FCF083C2-6542-4BBB-98CF-51CD9F84ED91}.Saturn72.Web.Dev|x64.ActiveCfg = Release|Any CPU
		{FCF083C2-6542-4BBB-98CF-51CD9F84ED91}.Saturn72.Web.Dev|x64.Build.0 = Release|Any CPU
		{D2A1B50B-9F66-4574-81B3-C486FCEB9D03}.Debug|Any CPU.ActiveCfg = Debug|Any CPU
		{D2A1B50B-9F66-4574-81B3-C486FCEB9D03}.Debug|Any CPU.Build.0 = Debug|Any CPU
		{D2A1B50B-9F66-4574-81B3-C486FCEB9D03}.Debug|x64.ActiveCfg = Debug|Any CPU
		{D2A1B50B-9F66-4574-81B3-C486FCEB9D03}.Debug|x64.Build.0 = Debug|Any CPU
		{D2A1B50B-9F66-4574-81B3-C486FCEB9D03}.Release|Any CPU.ActiveCfg = Release|Any CPU
		{D2A1B50B-9F66-4574-81B3-C486FCEB9D03}.Release|Any CPU.Build.0 = Release|Any CPU
		{D2A1B50B-9F66-4574-81B3-C486FCEB9D03}.Release|x64.ActiveCfg = Release|Any CPU
		{D2A1B50B-9F66-4574-81B3-C486FCEB9D03}.Release|x64.Build.0 = Release|Any CPU
		{D2A1B50B-9F66-4574-81B3-C486FCEB9D03}.Saturn72.Web.Dev|Any CPU.ActiveCfg = Release|Any CPU
		{D2A1B50B-9F66-4574-81B3-C486FCEB9D03}.Saturn72.Web.Dev|Any CPU.Build.0 = Release|Any CPU
		{D2A1B50B-9F66-4574-81B3-C486FCEB9D03}.Saturn72.Web.Dev|x64.ActiveCfg = Release|Any CPU
		{D2A1B50B-9F66-4574-81B3-C486FCEB9D03}.Saturn72.Web.Dev|x64.Build.0 = Release|Any CPU
		{5E9A7FFB-C52D-4FC7-B0F3-EA20102730F4}.Debug|Any CPU.ActiveCfg = Debug|Any CPU
		{5E9A7FFB-C52D-4FC7-B0F3-EA20102730F4}.Debug|Any CPU.Build.0 = Debug|Any CPU
		{5E9A7FFB-C52D-4FC7-B0F3-EA20102730F4}.Debug|x64.ActiveCfg = Debug|x64
		{5E9A7FFB-C52D-4FC7-B0F3-EA20102730F4}.Debug|x64.Build.0 = Debug|x64
		{5E9A7FFB-C52D-4FC7-B0F3-EA20102730F4}.Release|Any CPU.ActiveCfg = Release|Any CPU
		{5E9A7FFB-C52D-4FC7-B0F3-EA20102730F4}.Release|Any CPU.Build.0 = Release|Any CPU
		{5E9A7FFB-C52D-4FC7-B0F3-EA20102730F4}.Release|x64.ActiveCfg = Release|x64
		{5E9A7FFB-C52D-4FC7-B0F3-EA20102730F4}.Release|x64.Build.0 = Release|x64
		{5E9A7FFB-C52D-4FC7-B0F3-EA20102730F4}.Saturn72.Web.Dev|Any CPU.ActiveCfg = Release|Any CPU
		{5E9A7FFB-C52D-4FC7-B0F3-EA20102730F4}.Saturn72.Web.Dev|Any CPU.Build.0 = Release|Any CPU
		{5E9A7FFB-C52D-4FC7-B0F3-EA20102730F4}.Saturn72.Web.Dev|x64.ActiveCfg = Release|x64
		{5E9A7FFB-C52D-4FC7-B0F3-EA20102730F4}.Saturn72.Web.Dev|x64.Build.0 = Release|x64
		{606AC4BF-5D5C-486E-80D1-D6762357673B}.Debug|Any CPU.ActiveCfg = Debug|Any CPU
		{606AC4BF-5D5C-486E-80D1-D6762357673B}.Debug|Any CPU.Build.0 = Debug|Any CPU
		{606AC4BF-5D5C-486E-80D1-D6762357673B}.Debug|x64.ActiveCfg = Debug|Any CPU
		{606AC4BF-5D5C-486E-80D1-D6762357673B}.Debug|x64.Build.0 = Debug|Any CPU
		{606AC4BF-5D5C-486E-80D1-D6762357673B}.Release|Any CPU.ActiveCfg = Release|Any CPU
		{606AC4BF-5D5C-486E-80D1-D6762357673B}.Release|Any CPU.Build.0 = Release|Any CPU
		{606AC4BF-5D5C-486E-80D1-D6762357673B}.Release|x64.ActiveCfg = Release|Any CPU
		{606AC4BF-5D5C-486E-80D1-D6762357673B}.Release|x64.Build.0 = Release|Any CPU
		{606AC4BF-5D5C-486E-80D1-D6762357673B}.Saturn72.Web.Dev|Any CPU.ActiveCfg = Release|Any CPU
		{606AC4BF-5D5C-486E-80D1-D6762357673B}.Saturn72.Web.Dev|Any CPU.Build.0 = Release|Any CPU
		{606AC4BF-5D5C-486E-80D1-D6762357673B}.Saturn72.Web.Dev|x64.ActiveCfg = Release|Any CPU
		{606AC4BF-5D5C-486E-80D1-D6762357673B}.Saturn72.Web.Dev|x64.Build.0 = Release|Any CPU
		{9E59F6E8-D051-4B97-830D-CF58FA19AB35}.Debug|Any CPU.ActiveCfg = Debug|Any CPU
		{9E59F6E8-D051-4B97-830D-CF58FA19AB35}.Debug|Any CPU.Build.0 = Debug|Any CPU
		{9E59F6E8-D051-4B97-830D-CF58FA19AB35}.Debug|x64.ActiveCfg = Debug|Any CPU
		{9E59F6E8-D051-4B97-830D-CF58FA19AB35}.Debug|x64.Build.0 = Debug|Any CPU
		{9E59F6E8-D051-4B97-830D-CF58FA19AB35}.Release|Any CPU.ActiveCfg = Release|Any CPU
		{9E59F6E8-D051-4B97-830D-CF58FA19AB35}.Release|Any CPU.Build.0 = Release|Any CPU
		{9E59F6E8-D051-4B97-830D-CF58FA19AB35}.Release|x64.ActiveCfg = Release|Any CPU
		{9E59F6E8-D051-4B97-830D-CF58FA19AB35}.Release|x64.Build.0 = Release|Any CPU
		{9E59F6E8-D051-4B97-830D-CF58FA19AB35}.Saturn72.Web.Dev|Any CPU.ActiveCfg = Release|Any CPU
		{9E59F6E8-D051-4B97-830D-CF58FA19AB35}.Saturn72.Web.Dev|Any CPU.Build.0 = Release|Any CPU
		{9E59F6E8-D051-4B97-830D-CF58FA19AB35}.Saturn72.Web.Dev|x64.ActiveCfg = Release|Any CPU
		{9E59F6E8-D051-4B97-830D-CF58FA19AB35}.Saturn72.Web.Dev|x64.Build.0 = Release|Any CPU
		{C44EB924-2BA3-46ED-90BD-3D6FD25EAFD4}.Debug|Any CPU.ActiveCfg = Debug|Any CPU
		{C44EB924-2BA3-46ED-90BD-3D6FD25EAFD4}.Debug|Any CPU.Build.0 = Debug|Any CPU
		{C44EB924-2BA3-46ED-90BD-3D6FD25EAFD4}.Debug|x64.ActiveCfg = Debug|x64
		{C44EB924-2BA3-46ED-90BD-3D6FD25EAFD4}.Debug|x64.Build.0 = Debug|x64
		{C44EB924-2BA3-46ED-90BD-3D6FD25EAFD4}.Release|Any CPU.ActiveCfg = Release|Any CPU
		{C44EB924-2BA3-46ED-90BD-3D6FD25EAFD4}.Release|Any CPU.Build.0 = Release|Any CPU
		{C44EB924-2BA3-46ED-90BD-3D6FD25EAFD4}.Release|x64.ActiveCfg = Release|x64
		{C44EB924-2BA3-46ED-90BD-3D6FD25EAFD4}.Release|x64.Build.0 = Release|x64
		{C44EB924-2BA3-46ED-90BD-3D6FD25EAFD4}.Saturn72.Web.Dev|Any CPU.ActiveCfg = Saturn72.Web.Dev|Any CPU
		{C44EB924-2BA3-46ED-90BD-3D6FD25EAFD4}.Saturn72.Web.Dev|Any CPU.Build.0 = Saturn72.Web.Dev|Any CPU
		{C44EB924-2BA3-46ED-90BD-3D6FD25EAFD4}.Saturn72.Web.Dev|x64.ActiveCfg = Saturn72.Web.Dev|x64
		{C44EB924-2BA3-46ED-90BD-3D6FD25EAFD4}.Saturn72.Web.Dev|x64.Build.0 = Saturn72.Web.Dev|x64
		{6F2D2418-65F5-4C10-B871-47B435026D54}.Debug|Any CPU.ActiveCfg = Debug|Any CPU
		{6F2D2418-65F5-4C10-B871-47B435026D54}.Debug|Any CPU.Build.0 = Debug|Any CPU
		{6F2D2418-65F5-4C10-B871-47B435026D54}.Debug|x64.ActiveCfg = Debug|x64
		{6F2D2418-65F5-4C10-B871-47B435026D54}.Debug|x64.Build.0 = Debug|x64
		{6F2D2418-65F5-4C10-B871-47B435026D54}.Release|Any CPU.ActiveCfg = Release|Any CPU
		{6F2D2418-65F5-4C10-B871-47B435026D54}.Release|Any CPU.Build.0 = Release|Any CPU
		{6F2D2418-65F5-4C10-B871-47B435026D54}.Release|x64.ActiveCfg = Release|x64
		{6F2D2418-65F5-4C10-B871-47B435026D54}.Release|x64.Build.0 = Release|x64
		{6F2D2418-65F5-4C10-B871-47B435026D54}.Saturn72.Web.Dev|Any CPU.ActiveCfg = Saturn72.Web.Dev|Any CPU
		{6F2D2418-65F5-4C10-B871-47B435026D54}.Saturn72.Web.Dev|Any CPU.Build.0 = Saturn72.Web.Dev|Any CPU
		{6F2D2418-65F5-4C10-B871-47B435026D54}.Saturn72.Web.Dev|x64.ActiveCfg = Saturn72.Web.Dev|x64
		{6F2D2418-65F5-4C10-B871-47B435026D54}.Saturn72.Web.Dev|x64.Build.0 = Saturn72.Web.Dev|x64
		{1822462C-F142-4A12-8DEF-A25ADD3FFA63}.Debug|Any CPU.ActiveCfg = Debug|Any CPU
		{1822462C-F142-4A12-8DEF-A25ADD3FFA63}.Debug|Any CPU.Build.0 = Debug|Any CPU
		{1822462C-F142-4A12-8DEF-A25ADD3FFA63}.Debug|x64.ActiveCfg = Debug|Any CPU
		{1822462C-F142-4A12-8DEF-A25ADD3FFA63}.Debug|x64.Build.0 = Debug|Any CPU
		{1822462C-F142-4A12-8DEF-A25ADD3FFA63}.Release|Any CPU.ActiveCfg = Release|Any CPU
		{1822462C-F142-4A12-8DEF-A25ADD3FFA63}.Release|Any CPU.Build.0 = Release|Any CPU
		{1822462C-F142-4A12-8DEF-A25ADD3FFA63}.Release|x64.ActiveCfg = Release|Any CPU
		{1822462C-F142-4A12-8DEF-A25ADD3FFA63}.Release|x64.Build.0 = Release|Any CPU
		{1822462C-F142-4A12-8DEF-A25ADD3FFA63}.Saturn72.Web.Dev|Any CPU.ActiveCfg = Release|Any CPU
		{1822462C-F142-4A12-8DEF-A25ADD3FFA63}.Saturn72.Web.Dev|Any CPU.Build.0 = Release|Any CPU
		{1822462C-F142-4A12-8DEF-A25ADD3FFA63}.Saturn72.Web.Dev|x64.ActiveCfg = Release|Any CPU
		{1822462C-F142-4A12-8DEF-A25ADD3FFA63}.Saturn72.Web.Dev|x64.Build.0 = Release|Any CPU
		{14ACAE65-A4F4-487A-99CD-81A02C2809AE}.Debug|Any CPU.ActiveCfg = Debug|Any CPU
		{14ACAE65-A4F4-487A-99CD-81A02C2809AE}.Debug|Any CPU.Build.0 = Debug|Any CPU
		{14ACAE65-A4F4-487A-99CD-81A02C2809AE}.Debug|x64.ActiveCfg = Debug|Any CPU
		{14ACAE65-A4F4-487A-99CD-81A02C2809AE}.Debug|x64.Build.0 = Debug|Any CPU
		{14ACAE65-A4F4-487A-99CD-81A02C2809AE}.Release|Any CPU.ActiveCfg = Release|Any CPU
		{14ACAE65-A4F4-487A-99CD-81A02C2809AE}.Release|Any CPU.Build.0 = Release|Any CPU
		{14ACAE65-A4F4-487A-99CD-81A02C2809AE}.Release|x64.ActiveCfg = Release|Any CPU
		{14ACAE65-A4F4-487A-99CD-81A02C2809AE}.Release|x64.Build.0 = Release|Any CPU
		{14ACAE65-A4F4-487A-99CD-81A02C2809AE}.Saturn72.Web.Dev|Any CPU.ActiveCfg = Release|Any CPU
		{14ACAE65-A4F4-487A-99CD-81A02C2809AE}.Saturn72.Web.Dev|Any CPU.Build.0 = Release|Any CPU
		{14ACAE65-A4F4-487A-99CD-81A02C2809AE}.Saturn72.Web.Dev|x64.ActiveCfg = Release|Any CPU
		{14ACAE65-A4F4-487A-99CD-81A02C2809AE}.Saturn72.Web.Dev|x64.Build.0 = Release|Any CPU
		{217B8F69-CA31-4DBA-B719-912439C08EA4}.Debug|Any CPU.ActiveCfg = Debug|Any CPU
		{217B8F69-CA31-4DBA-B719-912439C08EA4}.Debug|Any CPU.Build.0 = Debug|Any CPU
		{217B8F69-CA31-4DBA-B719-912439C08EA4}.Debug|x64.ActiveCfg = Debug|Any CPU
		{217B8F69-CA31-4DBA-B719-912439C08EA4}.Debug|x64.Build.0 = Debug|Any CPU
		{217B8F69-CA31-4DBA-B719-912439C08EA4}.Release|Any CPU.ActiveCfg = Release|Any CPU
		{217B8F69-CA31-4DBA-B719-912439C08EA4}.Release|Any CPU.Build.0 = Release|Any CPU
		{217B8F69-CA31-4DBA-B719-912439C08EA4}.Release|x64.ActiveCfg = Release|Any CPU
		{217B8F69-CA31-4DBA-B719-912439C08EA4}.Release|x64.Build.0 = Release|Any CPU
		{217B8F69-CA31-4DBA-B719-912439C08EA4}.Saturn72.Web.Dev|Any CPU.ActiveCfg = Release|Any CPU
		{217B8F69-CA31-4DBA-B719-912439C08EA4}.Saturn72.Web.Dev|Any CPU.Build.0 = Release|Any CPU
		{217B8F69-CA31-4DBA-B719-912439C08EA4}.Saturn72.Web.Dev|x64.ActiveCfg = Release|Any CPU
		{217B8F69-CA31-4DBA-B719-912439C08EA4}.Saturn72.Web.Dev|x64.Build.0 = Release|Any CPU
	EndGlobalSection
	GlobalSection(SolutionProperties) = preSolution
		HideSolutionNode = FALSE
	EndGlobalSection
	GlobalSection(NestedProjects) = preSolution
		{F791494B-0D14-4190-8DEA-2AB915A13C59} = {52ABF5AA-88A5-4957-A9D7-85EE4C6645E1}
		{ADB0A133-EAD7-46EC-9472-B6247296BD26} = {16D26221-4D1A-486B-B324-645D492CBC9F}
		{F531ACCF-A3D6-4DF7-A47C-5D93C9015A4E} = {DE025945-F1B1-4750-9C5C-8CFB43872D3A}
		{773F4467-A469-4196-A9B3-76A6C889C3ED} = {CFC65CF1-3F4F-469A-B831-383419C90428}
		{F4801755-EDA6-4F99-91A2-B77842931708} = {CFC65CF1-3F4F-469A-B831-383419C90428}
		{C0DDC567-BD56-4DD1-9503-747945420734} = {CFC65CF1-3F4F-469A-B831-383419C90428}
		{FCF083C2-6542-4BBB-98CF-51CD9F84ED91} = {CFC65CF1-3F4F-469A-B831-383419C90428}
		{D2A1B50B-9F66-4574-81B3-C486FCEB9D03} = {CFC65CF1-3F4F-469A-B831-383419C90428}
		{5E9A7FFB-C52D-4FC7-B0F3-EA20102730F4} = {CFC65CF1-3F4F-469A-B831-383419C90428}
		{606AC4BF-5D5C-486E-80D1-D6762357673B} = {DE025945-F1B1-4750-9C5C-8CFB43872D3A}
		{9CBB2082-2307-40B5-B18B-F05823DD9939} = {52ABF5AA-88A5-4957-A9D7-85EE4C6645E1}
		{C44EB924-2BA3-46ED-90BD-3D6FD25EAFD4} = {5D67F68F-9A71-4443-A171-56F2FD059078}
		{6F2D2418-65F5-4C10-B871-47B435026D54} = {5D67F68F-9A71-4443-A171-56F2FD059078}
		{1822462C-F142-4A12-8DEF-A25ADD3FFA63} = {5D67F68F-9A71-4443-A171-56F2FD059078}
		{14ACAE65-A4F4-487A-99CD-81A02C2809AE} = {5D67F68F-9A71-4443-A171-56F2FD059078}
		{217B8F69-CA31-4DBA-B719-912439C08EA4} = {5D67F68F-9A71-4443-A171-56F2FD059078}
	EndGlobalSection
EndGlobal
